
Microsoft Visual Studio Solution File, Format Version 12.00
# Visual Studio 15
VisualStudioVersion = 15.0.28010.2003
MinimumVisualStudioVersion = 10.0.40219.1
Project("{FAE04EC0-301F-11D3-BF4B-00C04F79EFBC}") = "Voluino", "Voluino\Voluino.csproj", "{803775B2-8EC1-4A1E-B6A6-09AF0FA225A3}"
EndProject
Global
	GlobalSection(SolutionConfigurationPlatforms) = preSolution
		Debug|Any CPU = Debug|Any CPU
		Release|Any CPU = Release|Any CPU
	EndGlobalSection
	GlobalSection(ProjectConfigurationPlatforms) = postSolution
		{803775B2-8EC1-4A1E-B6A6-09AF0FA225A3}.Debug|Any CPU.ActiveCfg = Debug|Any CPU
		{803775B2-8EC1-4A1E-B6A6-09AF0FA225A3}.Debug|Any CPU.Build.0 = Debug|Any CPU
		{803775B2-8EC1-4A1E-B6A6-09AF0FA225A3}.Release|Any CPU.ActiveCfg = Release|Any CPU
		{803775B2-8EC1-4A1E-B6A6-09AF0FA225A3}.Release|Any CPU.Build.0 = Release|Any CPU
	EndGlobalSection
	GlobalSection(SolutionProperties) = preSolution
		HideSolutionNode = FALSE
	EndGlobalSection
	GlobalSection(ExtensibilityGlobals) = postSolution
		SolutionGuid = {D79429D3-9C8C-4EF0-AA28-8704CF33486C}
	EndGlobalSection
EndGlobal
